
Microsoft Visual Studio Solution File, Format Version 12.00
# Visual Studio Version 17
VisualStudioVersion = 17.8.34322.80
MinimumVisualStudioVersion = 10.0.40219.1
Project("{FAE04EC0-301F-11D3-BF4B-00C04F79EFBC}") = "GPES.Application", "GPES.Application\GPES.Application.csproj", "{342B35E2-1B39-45B5-89C9-E40A2B77FDD8}"
EndProject
Project("{FAE04EC0-301F-11D3-BF4B-00C04F79EFBC}") = "GPES.Domain", "GPES.Domain\GPES.Domain.csproj", "{01AD04B3-E341-4FA5-8AF1-45EEEB6C1589}"
EndProject
Project("{FAE04EC0-301F-11D3-BF4B-00C04F79EFBC}") = "GPES.Infrastructure", "GPES.Infrastructure\GPES.Infrastructure.csproj", "{0016A312-CA1D-4E6F-9573-6BAA4FF667D9}"
EndProject
Global
	GlobalSection(SolutionConfigurationPlatforms) = preSolution
		Debug|Any CPU = Debug|Any CPU
		Release|Any CPU = Release|Any CPU
	EndGlobalSection
	GlobalSection(ProjectConfigurationPlatforms) = postSolution
		{342B35E2-1B39-45B5-89C9-E40A2B77FDD8}.Debug|Any CPU.ActiveCfg = Debug|Any CPU
		{342B35E2-1B39-45B5-89C9-E40A2B77FDD8}.Debug|Any CPU.Build.0 = Debug|Any CPU
		{342B35E2-1B39-45B5-89C9-E40A2B77FDD8}.Release|Any CPU.ActiveCfg = Release|Any CPU
		{342B35E2-1B39-45B5-89C9-E40A2B77FDD8}.Release|Any CPU.Build.0 = Release|Any CPU
		{01AD04B3-E341-4FA5-8AF1-45EEEB6C1589}.Debug|Any CPU.ActiveCfg = Debug|Any CPU
		{01AD04B3-E341-4FA5-8AF1-45EEEB6C1589}.Debug|Any CPU.Build.0 = Debug|Any CPU
		{01AD04B3-E341-4FA5-8AF1-45EEEB6C1589}.Release|Any CPU.ActiveCfg = Release|Any CPU
		{01AD04B3-E341-4FA5-8AF1-45EEEB6C1589}.Release|Any CPU.Build.0 = Release|Any CPU
		{0016A312-CA1D-4E6F-9573-6BAA4FF667D9}.Debug|Any CPU.ActiveCfg = Debug|Any CPU
		{0016A312-CA1D-4E6F-9573-6BAA4FF667D9}.Debug|Any CPU.Build.0 = Debug|Any CPU
		{0016A312-CA1D-4E6F-9573-6BAA4FF667D9}.Release|Any CPU.ActiveCfg = Release|Any CPU
		{0016A312-CA1D-4E6F-9573-6BAA4FF667D9}.Release|Any CPU.Build.0 = Release|Any CPU
	EndGlobalSection
	GlobalSection(SolutionProperties) = preSolution
		HideSolutionNode = FALSE
	EndGlobalSection
	GlobalSection(ExtensibilityGlobals) = postSolution
		SolutionGuid = {6264FEB1-488C-4B27-BE5A-2A9B4E936791}
	EndGlobalSection
EndGlobal
